
Microsoft Visual Studio Solution File, Format Version 12.00
# Visual Studio Version 17
VisualStudioVersion = 17.4.33213.308
MinimumVisualStudioVersion = 10.0.40219.1
Project("{FAE04EC0-301F-11D3-BF4B-00C04F79EFBC}") = "carpma-uygulamasi", "carpma-uygulamasi.csproj", "{E00068E7-4DBF-4C48-BD99-3DE6B069FFC7}"
EndProject
Global
	GlobalSection(SolutionConfigurationPlatforms) = preSolution
		Debug|Any CPU = Debug|Any CPU
		Release|Any CPU = Release|Any CPU
	EndGlobalSection
	GlobalSection(ProjectConfigurationPlatforms) = postSolution
		{E00068E7-4DBF-4C48-BD99-3DE6B069FFC7}.Debug|Any CPU.ActiveCfg = Debug|Any CPU
		{E00068E7-4DBF-4C48-BD99-3DE6B069FFC7}.Debug|Any CPU.Build.0 = Debug|Any CPU
		{E00068E7-4DBF-4C48-BD99-3DE6B069FFC7}.Release|Any CPU.ActiveCfg = Release|Any CPU
		{E00068E7-4DBF-4C48-BD99-3DE6B069FFC7}.Release|Any CPU.Build.0 = Release|Any CPU
	EndGlobalSection
	GlobalSection(SolutionProperties) = preSolution
		HideSolutionNode = FALSE
	EndGlobalSection
	GlobalSection(ExtensibilityGlobals) = postSolution
		SolutionGuid = {AFC9804F-434F-4F2B-BB62-45CB0256EE26}
	EndGlobalSection
EndGlobal
